
Microsoft Visual Studio Solution File, Format Version 12.00
# Visual Studio Version 17
VisualStudioVersion = 17.4.33103.184
MinimumVisualStudioVersion = 10.0.40219.1
Project("{9A19103F-16F7-4668-BE54-9A1E7A4F7556}") = "BlazorEcommerce.Server", "BlazorEcommerce\Server\BlazorEcommerce.Server.csproj", "{D6A6D284-6E45-4BD7-A97A-4AD103DFE51D}"
EndProject
Project("{9A19103F-16F7-4668-BE54-9A1E7A4F7556}") = "BlazorEcommerce.Client", "BlazorEcommerce\Client\BlazorEcommerce.Client.csproj", "{2F05DF91-05DB-4B6E-9F97-F26EE2FE1B44}"
EndProject
Project("{9A19103F-16F7-4668-BE54-9A1E7A4F7556}") = "BlazorEcommerce.Shared", "BlazorEcommerce\Shared\BlazorEcommerce.Shared.csproj", "{7BA16D84-8B75-4A62-A1C9-6AE1BC5491EB}"
EndProject
Project("{2150E333-8FDC-42A3-9474-1A3956D46DE8}") = "Solution Items", "Solution Items", "{B249FD43-8844-432A-81DB-E85B90A7D28A}"
	ProjectSection(SolutionItems) = preProject
		ReadMe.md = ReadMe.md
	EndProjectSection
EndProject
Global
	GlobalSection(SolutionConfigurationPlatforms) = preSolution
		Debug|Any CPU = Debug|Any CPU
		Release|Any CPU = Release|Any CPU
	EndGlobalSection
	GlobalSection(ProjectConfigurationPlatforms) = postSolution
		{D6A6D284-6E45-4BD7-A97A-4AD103DFE51D}.Debug|Any CPU.ActiveCfg = Debug|Any CPU
		{D6A6D284-6E45-4BD7-A97A-4AD103DFE51D}.Debug|Any CPU.Build.0 = Debug|Any CPU
		{D6A6D284-6E45-4BD7-A97A-4AD103DFE51D}.Release|Any CPU.ActiveCfg = Release|Any CPU
		{D6A6D284-6E45-4BD7-A97A-4AD103DFE51D}.Release|Any CPU.Build.0 = Release|Any CPU
		{2F05DF91-05DB-4B6E-9F97-F26EE2FE1B44}.Debug|Any CPU.ActiveCfg = Debug|Any CPU
		{2F05DF91-05DB-4B6E-9F97-F26EE2FE1B44}.Debug|Any CPU.Build.0 = Debug|Any CPU
		{2F05DF91-05DB-4B6E-9F97-F26EE2FE1B44}.Release|Any CPU.ActiveCfg = Release|Any CPU
		{2F05DF91-05DB-4B6E-9F97-F26EE2FE1B44}.Release|Any CPU.Build.0 = Release|Any CPU
		{7BA16D84-8B75-4A62-A1C9-6AE1BC5491EB}.Debug|Any CPU.ActiveCfg = Debug|Any CPU
		{7BA16D84-8B75-4A62-A1C9-6AE1BC5491EB}.Debug|Any CPU.Build.0 = Debug|Any CPU
		{7BA16D84-8B75-4A62-A1C9-6AE1BC5491EB}.Release|Any CPU.ActiveCfg = Release|Any CPU
		{7BA16D84-8B75-4A62-A1C9-6AE1BC5491EB}.Release|Any CPU.Build.0 = Release|Any CPU
	EndGlobalSection
	GlobalSection(SolutionProperties) = preSolution
		HideSolutionNode = FALSE
	EndGlobalSection
	GlobalSection(ExtensibilityGlobals) = postSolution
		SolutionGuid = {F12E379A-7E61-4F9B-BAA8-4EE779A5FE75}
	EndGlobalSection
EndGlobal
